// !$*UTF8*$!
{
	archiveVersion = 1;
	classes = {
	};
	objectVersion = 46;
	objects = {

/* Begin PBXBuildFile section */
		09AEA2621B710702002221EA /* AppDelegate.swift in Sources */ = {isa = PBXBuildFile; fileRef = 09AEA2611B710702002221EA /* AppDelegate.swift */; };
		09AEA2641B710702002221EA /* ViewController.swift in Sources */ = {isa = PBXBuildFile; fileRef = 09AEA2631B710702002221EA /* ViewController.swift */; };
		09AEA2691B710702002221EA /* Assets.xcassets in Resources */ = {isa = PBXBuildFile; fileRef = 09AEA2681B710702002221EA /* Assets.xcassets */; };
		09AEA26C1B710702002221EA /* LaunchScreen.storyboard in Resources */ = {isa = PBXBuildFile; fileRef = 09AEA26A1B710702002221EA /* LaunchScreen.storyboard */; };
		09AEA27C1B710767002221EA /* Alamofire.framework in Frameworks */ = {isa = PBXBuildFile; fileRef = 09AEA2791B710752002221EA /* Alamofire.framework */; };
		09AEA27D1B710767002221EA /* Alamofire.framework in Embed Frameworks */ = {isa = PBXBuildFile; fileRef = 09AEA2791B710752002221EA /* Alamofire.framework */; settings = {ATTRIBUTES = (CodeSignOnCopy, RemoveHeadersOnCopy, ); }; };
		09AEA2841B710835002221EA /* NewsCell.swift in Sources */ = {isa = PBXBuildFile; fileRef = 09AEA2821B710835002221EA /* NewsCell.swift */; };
		09AEA2851B710835002221EA /* NewsCell.xib in Resources */ = {isa = PBXBuildFile; fileRef = 09AEA2831B710835002221EA /* NewsCell.xib */; };
		09AEA2871B710876002221EA /* Models.swift in Sources */ = {isa = PBXBuildFile; fileRef = 09AEA2861B710876002221EA /* Models.swift */; };
		09AEA28E1B710986002221EA /* Main.storyboard in Resources */ = {isa = PBXBuildFile; fileRef = 09AEA28C1B710986002221EA /* Main.storyboard */; };
/* End PBXBuildFile section */

/* Begin PBXContainerItemProxy section */
		09AEA2781B710752002221EA /* PBXContainerItemProxy */ = {
			isa = PBXContainerItemProxy;
			containerPortal = 09AEA2731B710752002221EA /* Alamofire.xcodeproj */;
			proxyType = 2;
			remoteGlobalIDString = F8111E3319A95C8B0040E7D1;
			remoteInfo = "Alamofire iOS";
		};
		09AEA27A1B710752002221EA /* PBXContainerItemProxy */ = {
			isa = PBXContainerItemProxy;
			containerPortal = 09AEA2731B710752002221EA /* Alamofire.xcodeproj */;
			proxyType = 2;
			remoteGlobalIDString = 4DD67C0B1A5C55C900ED2280;
			remoteInfo = "Alamofire OSX";
		};
		09AEA27E1B710767002221EA /* PBXContainerItemProxy */ = {
			isa = PBXContainerItemProxy;
			containerPortal = 09AEA2731B710752002221EA /* Alamofire.xcodeproj */;
			proxyType = 1;
			remoteGlobalIDString = F8111E3219A95C8B0040E7D1;
			remoteInfo = "Alamofire iOS";
		};
/* End PBXContainerItemProxy section */

/* Begin PBXCopyFilesBuildPhase section */
		09AEA2801B710767002221EA /* Embed Frameworks */ = {
			isa = PBXCopyFilesBuildPhase;
			buildActionMask = 2147483647;
			dstPath = "";
			dstSubfolderSpec = 10;
			files = (
				09AEA27D1B710767002221EA /* Alamofire.framework in Embed Frameworks */,
			);
			name = "Embed Frameworks";
			runOnlyForDeploymentPostprocessing = 0;
		};
/* End PBXCopyFilesBuildPhase section */

/* Begin PBXFileReference section */
		09AEA25E1B710702002221EA /* ZhihuDaily.app */ = {isa = PBXFileReference; explicitFileType = wrapper.application; includeInIndex = 0; path = ZhihuDaily.app; sourceTree = BUILT_PRODUCTS_DIR; };
		09AEA2611B710702002221EA /* AppDelegate.swift */ = {isa = PBXFileReference; lastKnownFileType = sourcecode.swift; path = AppDelegate.swift; sourceTree = "<group>"; };
		09AEA2631B710702002221EA /* ViewController.swift */ = {isa = PBXFileReference; lastKnownFileType = sourcecode.swift; path = ViewController.swift; sourceTree = "<group>"; };
		09AEA2681B710702002221EA /* Assets.xcassets */ = {isa = PBXFileReference; lastKnownFileType = folder.assetcatalog; path = Assets.xcassets; sourceTree = "<group>"; };
		09AEA26B1B710702002221EA /* Base */ = {isa = PBXFileReference; lastKnownFileType = file.storyboard; name = Base; path = Base.lproj/LaunchScreen.storyboard; sourceTree = "<group>"; };
		09AEA26D1B710702002221EA /* Info.plist */ = {isa = PBXFileReference; lastKnownFileType = text.plist.xml; path = Info.plist; sourceTree = "<group>"; };
		09AEA2731B710752002221EA /* Alamofire.xcodeproj */ = {isa = PBXFileReference; lastKnownFileType = "wrapper.pb-project"; name = Alamofire.xcodeproj; path = Alamofire/Alamofire.xcodeproj; sourceTree = "<group>"; };
		09AEA2811B7107B2002221EA /* README.md */ = {isa = PBXFileReference; lastKnownFileType = net.daringfireball.markdown; path = README.md; sourceTree = "<group>"; };
		09AEA2821B710835002221EA /* NewsCell.swift */ = {isa = PBXFileReference; fileEncoding = 4; lastKnownFileType = sourcecode.swift; path = NewsCell.swift; sourceTree = "<group>"; };
		09AEA2831B710835002221EA /* NewsCell.xib */ = {isa = PBXFileReference; fileEncoding = 4; lastKnownFileType = file.xib; path = NewsCell.xib; sourceTree = "<group>"; };
		09AEA2861B710876002221EA /* Models.swift */ = {isa = PBXFileReference; fileEncoding = 4; lastKnownFileType = sourcecode.swift; path = Models.swift; sourceTree = "<group>"; };
		09AEA28D1B710986002221EA /* Base */ = {isa = PBXFileReference; lastKnownFileType = file.storyboard; name = Base; path = Base.lproj/Main.storyboard; sourceTree = "<group>"; };
/* End PBXFileReference section */

/* Begin PBXFrameworksBuildPhase section */
		09AEA25B1B710702002221EA /* Frameworks */ = {
			isa = PBXFrameworksBuildPhase;
			buildActionMask = 2147483647;
			files = (
				09AEA27C1B710767002221EA /* Alamofire.framework in Frameworks */,
			);
			runOnlyForDeploymentPostprocessing = 0;
		};
/* End PBXFrameworksBuildPhase section */

/* Begin PBXGroup section */
		09AEA2551B710702002221EA = {
			isa = PBXGroup;
			children = (
				09AEA2811B7107B2002221EA /* README.md */,
				09AEA2601B710702002221EA /* ZhihuDaily */,
				09AEA25F1B710702002221EA /* Products */,
				09AEA2731B710752002221EA /* Alamofire.xcodeproj */,
			);
			sourceTree = "<group>";
		};
		09AEA25F1B710702002221EA /* Products */ = {
			isa = PBXGroup;
			children = (
				09AEA25E1B710702002221EA /* ZhihuDaily.app */,
			);
			name = Products;
			sourceTree = "<group>";
		};
		09AEA2601B710702002221EA /* ZhihuDaily */ = {
			isa = PBXGroup;
			children = (
				09AEA2611B710702002221EA /* AppDelegate.swift */,
				09AEA2631B710702002221EA /* ViewController.swift */,
				09AEA2861B710876002221EA /* Models.swift */,
				09AEA2821B710835002221EA /* NewsCell.swift */,
				09AEA2831B710835002221EA /* NewsCell.xib */,
				09AEA28C1B710986002221EA /* Main.storyboard */,
				09AEA2681B710702002221EA /* Assets.xcassets */,
				09AEA26A1B710702002221EA /* LaunchScreen.storyboard */,
				09AEA26D1B710702002221EA /* Info.plist */,
			);
			path = ZhihuDaily;
			sourceTree = "<group>";
		};
		09AEA2741B710752002221EA /* Products */ = {
			isa = PBXGroup;
			children = (
				09AEA2791B710752002221EA /* Alamofire.framework */,
				09AEA27B1B710752002221EA /* Alamofire.framework */,
			);
			name = Products;
			sourceTree = "<group>";
		};
/* End PBXGroup section */

/* Begin PBXNativeTarget section */
		09AEA25D1B710702002221EA /* ZhihuDaily */ = {
			isa = PBXNativeTarget;
			buildConfigurationList = 09AEA2701B710702002221EA /* Build configuration list for PBXNativeTarget "ZhihuDaily" */;
			buildPhases = (
				09AEA25A1B710702002221EA /* Sources */,
				09AEA25B1B710702002221EA /* Frameworks */,
				09AEA25C1B710702002221EA /* Resources */,
				09AEA2801B710767002221EA /* Embed Frameworks */,
			);
			buildRules = (
			);
			dependencies = (
				09AEA27F1B710767002221EA /* PBXTargetDependency */,
			);
			name = ZhihuDaily;
			productName = ZhihuDaily;
			productReference = 09AEA25E1B710702002221EA /* ZhihuDaily.app */;
			productType = "com.apple.product-type.application";
		};
/* End PBXNativeTarget section */

/* Begin PBXProject section */
		09AEA2561B710702002221EA /* Project object */ = {
			isa = PBXProject;
			attributes = {
				LastUpgradeCheck = 0700;
				ORGANIZATIONNAME = tangshi;
				TargetAttributes = {
					09AEA25D1B710702002221EA = {
						CreatedOnToolsVersion = 7.0;
					};
				};
			};
			buildConfigurationList = 09AEA2591B710702002221EA /* Build configuration list for PBXProject "ZhihuDaily" */;
			compatibilityVersion = "Xcode 3.2";
			developmentRegion = English;
			hasScannedForEncodings = 0;
			knownRegions = (
				en,
				Base,
			);
			mainGroup = 09AEA2551B710702002221EA;
			productRefGroup = 09AEA25F1B710702002221EA /* Products */;
			projectDirPath = "";
			projectReferences = (
				{
					ProductGroup = 09AEA2741B710752002221EA /* Products */;
					ProjectRef = 09AEA2731B710752002221EA /* Alamofire.xcodeproj */;
				},
			);
			projectRoot = "";
			targets = (
				09AEA25D1B710702002221EA /* ZhihuDaily */,
			);
		};
/* End PBXProject section */

/* Begin PBXReferenceProxy section */
		09AEA2791B710752002221EA /* Alamofire.framework */ = {
			isa = PBXReferenceProxy;
			fileType = wrapper.framework;
			path = Alamofire.framework;
			remoteRef = 09AEA2781B710752002221EA /* PBXContainerItemProxy */;
			sourceTree = BUILT_PRODUCTS_DIR;
		};
		09AEA27B1B710752002221EA /* Alamofire.framework */ = {
			isa = PBXReferenceProxy;
			fileType = wrapper.framework;
			path = Alamofire.framework;
			remoteRef = 09AEA27A1B710752002221EA /* PBXContainerItemProxy */;
			sourceTree = BUILT_PRODUCTS_DIR;
		};
/* End PBXReferenceProxy section */

/* Begin PBXResourcesBuildPhase section */
		09AEA25C1B710702002221EA /* Resources */ = {
			isa = PBXResourcesBuildPhase;
			buildActionMask = 2147483647;
			files = (
				09AEA26C1B710702002221EA /* LaunchScreen.storyboard in Resources */,
				09AEA2691B710702002221EA /* Assets.xcassets in Resources */,
				09AEA2851B710835002221EA /* NewsCell.xib in Resources */,
				09AEA28E1B710986002221EA /* Main.storyboard in Resources */,
			);
			runOnlyForDeploymentPostprocessing = 0;
		};
/* End PBXResourcesBuildPhase section */

/* Begin PBXSourcesBuildPhase section */
		09AEA25A1B710702002221EA /* Sources */ = {
			isa = PBXSourcesBuildPhase;
			buildActionMask = 2147483647;
			files = (
				09AEA2641B710702002221EA /* ViewController.swift in Sources */,
				09AEA2841B710835002221EA /* NewsCell.swift in Sources */,
				09AEA2621B710702002221EA /* AppDelegate.swift in Sources */,
				09AEA2871B710876002221EA /* Models.swift in Sources */,
			);
			runOnlyForDeploymentPostprocessing = 0;
		};
/* End PBXSourcesBuildPhase section */

/* Begin PBXTargetDependency section */
		09AEA27F1B710767002221EA /* PBXTargetDependency */ = {
			isa = PBXTargetDependency;
			name = "Alamofire iOS";
			targetProxy = 09AEA27E1B710767002221EA /* PBXContainerItemProxy */;
		};
/* End PBXTargetDependency section */

/* Begin PBXVariantGroup section */
		09AEA26A1B710702002221EA /* LaunchScreen.storyboard */ = {
			isa = PBXVariantGroup;
			children = (
				09AEA26B1B710702002221EA /* Base */,
			);
			name = LaunchScreen.storyboard;
			sourceTree = "<group>";
		};
		09AEA28C1B710986002221EA /* Main.storyboard */ = {
			isa = PBXVariantGroup;
			children = (
				09AEA28D1B710986002221EA /* Base */,
			);
			name = Main.storyboard;
			sourceTree = "<group>";
		};
/* End PBXVariantGroup section */

/* Begin XCBuildConfiguration section */
		09AEA26E1B710702002221EA /* Debug */ = {
			isa = XCBuildConfiguration;
			buildSettings = {
				ALWAYS_SEARCH_USER_PATHS = NO;
				CLANG_CXX_LANGUAGE_STANDARD = "gnu++0x";
				CLANG_CXX_LIBRARY = "libc++";
				CLANG_ENABLE_MODULES = YES;
				CLANG_ENABLE_OBJC_ARC = YES;
				CLANG_WARN_BOOL_CONVERSION = YES;
				CLANG_WARN_CONSTANT_CONVERSION = YES;
				CLANG_WARN_DIRECT_OBJC_ISA_USAGE = YES_ERROR;
				CLANG_WARN_EMPTY_BODY = YES;
				CLANG_WARN_ENUM_CONVERSION = YES;
				CLANG_WARN_INT_CONVERSION = YES;
				CLANG_WARN_OBJC_ROOT_CLASS = YES_ERROR;
				CLANG_WARN_UNREACHABLE_CODE = YES;
				CLANG_WARN__DUPLICATE_METHOD_MATCH = YES;
				"CODE_SIGN_IDENTITY[sdk=iphoneos*]" = "iPhone Developer";
				COPY_PHASE_STRIP = NO;
				DEBUG_INFORMATION_FORMAT = dwarf;
				ENABLE_STRICT_OBJC_MSGSEND = YES;
				ENABLE_TESTABILITY = YES;
				GCC_C_LANGUAGE_STANDARD = gnu99;
				GCC_DYNAMIC_NO_PIC = NO;
				GCC_NO_COMMON_BLOCKS = YES;
				GCC_OPTIMIZATION_LEVEL = 0;
				GCC_PREPROCESSOR_DEFINITIONS = (
					"DEBUG=1",
					"$(inherited)",
				);
				GCC_WARN_64_TO_32_BIT_CONVERSION = YES;
				GCC_WARN_ABOUT_RETURN_TYPE = YES_ERROR;
				GCC_WARN_UNDECLARED_SELECTOR = YES;
				GCC_WARN_UNINITIALIZED_AUTOS = YES_AGGRESSIVE;
				GCC_WARN_UNUSED_FUNCTION = YES;
				GCC_WARN_UNUSED_VARIABLE = YES;
				IPHONEOS_DEPLOYMENT_TARGET = 9.0;
				MTL_ENABLE_DEBUG_INFO = YES;
				ONLY_ACTIVE_ARCH = YES;
				SDKROOT = iphoneos;
				SWIFT_OPTIMIZATION_LEVEL = "-Onone";
			};
			name = Debug;
		};
		09AEA26F1B710702002221EA /* Release */ = {
			isa = XCBuildConfiguration;
			buildSettings = {
				ALWAYS_SEARCH_USER_PATHS = NO;
				CLANG_CXX_LANGUAGE_STANDARD = "gnu++0x";
				CLANG_CXX_LIBRARY = "libc++";
				CLANG_ENABLE_MODULES = YES;
				CLANG_ENABLE_OBJC_ARC = YES;
				CLANG_WARN_BOOL_CONVERSION = YES;
				CLANG_WARN_CONSTANT_CONVERSION = YES;
				CLANG_WARN_DIRECT_OBJC_ISA_USAGE = YES_ERROR;
				CLANG_WARN_EMPTY_BODY = YES;
				CLANG_WARN_ENUM_CONVERSION = YES;
				CLANG_WARN_INT_CONVERSION = YES;
				CLANG_WARN_OBJC_ROOT_CLASS = YES_ERROR;
				CLANG_WARN_UNREACHABLE_CODE = YES;
				CLANG_WARN__DUPLICATE_METHOD_MATCH = YES;
				"CODE_SIGN_IDENTITY[sdk=iphoneos*]" = "iPhone Developer";
				COPY_PHASE_STRIP = NO;
				DEBUG_INFORMATION_FORMAT = "dwarf-with-dsym";
				ENABLE_NS_ASSERTIONS = NO;
				ENABLE_STRICT_OBJC_MSGSEND = YES;
				GCC_C_LANGUAGE_STANDARD = gnu99;
				GCC_NO_COMMON_BLOCKS = YES;
				GCC_WARN_64_TO_32_BIT_CONVERSION = YES;
				GCC_WARN_ABOUT_RETURN_TYPE = YES_ERROR;
				GCC_WARN_UNDECLARED_SELECTOR = YES;
				GCC_WARN_UNINITIALIZED_AUTOS = YES_AGGRESSIVE;
				GCC_WARN_UNUSED_FUNCTION = YES;
				GCC_WARN_UNUSED_VARIABLE = YES;
				IPHONEOS_DEPLOYMENT_TARGET = 9.0;
				MTL_ENABLE_DEBUG_INFO = NO;
				SDKROOT = iphoneos;
				VALIDATE_PRODUCT = YES;
			};
			name = Release;
		};
		09AEA2711B710702002221EA /* Debug */ = {
			isa = XCBuildConfiguration;
			buildSettings = {
				ASSETCATALOG_COMPILER_APPICON_NAME = AppIcon;
				EMBEDDED_CONTENT_CONTAINS_SWIFT = YES;
				INFOPLIST_FILE = ZhihuDaily/Info.plist;
				LD_RUNPATH_SEARCH_PATHS = "$(inherited) @executable_path/Frameworks";
				PRODUCT_BUNDLE_IDENTIFIER = cn.shu.edu.ZhihuDaily;
				PRODUCT_NAME = "$(TARGET_NAME)";
			};
			name = Debug;
		};
		09AEA2721B710702002221EA /* Release */ = {
			isa = XCBuildConfiguration;
			buildSettings = {
				ASSETCATALOG_COMPILER_APPICON_NAME = AppIcon;
				EMBEDDED_CONTENT_CONTAINS_SWIFT = YES;
				INFOPLIST_FILE = ZhihuDaily/Info.plist;
				LD_RUNPATH_SEARCH_PATHS = "$(inherited) @executable_path/Frameworks";
				PRODUCT_BUNDLE_IDENTIFIER = cn.shu.edu.ZhihuDaily;
				PRODUCT_NAME = "$(TARGET_NAME)";
			};
			name = Release;
		};
/* End XCBuildConfiguration section */

/* Begin XCConfigurationList section */
		09AEA2591B710702002221EA /* Build configuration list for PBXProject "ZhihuDaily" */ = {
			isa = XCConfigurationList;
			buildConfigurations = (
				09AEA26E1B710702002221EA /* Debug */,
				09AEA26F1B710702002221EA /* Release */,
			);
			defaultConfigurationIsVisible = 0;
			defaultConfigurationName = Release;
		};
		09AEA2701B710702002221EA /* Build configuration list for PBXNativeTarget "ZhihuDaily" */ = {
			isa = XCConfigurationList;
			buildConfigurations = (
				09AEA2711B710702002221EA /* Debug */,
				09AEA2721B710702002221EA /* Release */,
			);
			defaultConfigurationIsVisible = 0;
			defaultConfigurationName = Release;
		};
/* End XCConfigurationList section */
	};
	rootObject = 09AEA2561B710702002221EA /* Project object */;
}
